PODS:
  - ChameleonFramework/Default (2.1.0)
  - ChameleonFramework/Swift (2.1.0):
    - ChameleonFramework/Default
  - MXParallaxHeader (0.5.1)

DEPENDENCIES:
  - ChameleonFramework/Swift
  - MXParallaxHeader

SPEC CHECKSUMS:
  ChameleonFramework: d21a3cc247abfe5e37609a283a8238b03575cf64
  MXParallaxHeader: b40fabd42d1bb76f6d1a713ceae5628f69241bd6

COCOAPODS: 0.39.0
